PODS:
  - CGXCategoryKitOC (0.0.5):
    - CGXCategoryKitOC/CoreLocation (= 0.0.5)
    - CGXCategoryKitOC/Foundation (= 0.0.5)
    - CGXCategoryKitOC/QuartzCore (= 0.0.5)
    - CGXCategoryKitOC/UIControl (= 0.0.5)
    - CGXCategoryKitOC/UIKit (= 0.0.5)
  - CGXCategoryKitOC/CoreLocation (0.0.5):
    - CGXCategoryKitOC/CoreLocation/CLLocation (= 0.0.5)
  - CGXCategoryKitOC/CoreLocation/CLLocation (0.0.5)
  - CGXCategoryKitOC/Foundation (0.0.5):
    - CGXCategoryKitOC/Foundation/NSArray (= 0.0.5)
    - CGXCategoryKitOC/Foundation/NSBundle (= 0.0.5)
    - CGXCategoryKitOC/Foundation/NSData (= 0.0.5)
    - CGXCategoryKitOC/Foundation/NSDictionary (= 0.0.5)
    - CGXCategoryKitOC/Foundation/NSException (= 0.0.5)
    - CGXCategoryKitOC/Foundation/NSFileHandle (= 0.0.5)
    - CGXCategoryKitOC/Foundation/NSFileManager (= 0.0.5)
    - CGXCategoryKitOC/Foundation/NSHTTPCookieStorage (= 0.0.5)
    - CGXCategoryKitOC/Foundation/NSIndexPath (= 0.0.5)
    - CGXCategoryKitOC/Foundation/NSMutableAttributedString (= 0.0.5)
    - CGXCategoryKitOC/Foundation/NSNotificationCenter (= 0.0.5)
    - CGXCategoryKitOC/Foundation/NSNull (= 0.0.5)
    - CGXCategoryKitOC/Foundation/NSNumber (= 0.0.5)
    - CGXCategoryKitOC/Foundation/NSRunLoop (= 0.0.5)
    - CGXCategoryKitOC/Foundation/NSString (= 0.0.5)
    - CGXCategoryKitOC/Foundation/NSTimer (= 0.0.5)
    - CGXCategoryKitOC/Foundation/NSURL (= 0.0.5)
    - CGXCategoryKitOC/Foundation/UIColor (= 0.0.5)
    - CGXCategoryKitOC/Foundation/UIDevice (= 0.0.5)
    - CGXCategoryKitOC/Foundation/UIFont (= 0.0.5)
    - CGXCategoryKitOC/Foundation/UIImage (= 0.0.5)
  - CGXCategoryKitOC/Foundation/NSArray (0.0.5)
  - CGXCategoryKitOC/Foundation/NSBundle (0.0.5)
  - CGXCategoryKitOC/Foundation/NSData (0.0.5)
  - CGXCategoryKitOC/Foundation/NSDictionary (0.0.5)
  - CGXCategoryKitOC/Foundation/NSException (0.0.5)
  - CGXCategoryKitOC/Foundation/NSFileHandle (0.0.5)
  - CGXCategoryKitOC/Foundation/NSFileManager (0.0.5)
  - CGXCategoryKitOC/Foundation/NSHTTPCookieStorage (0.0.5)
  - CGXCategoryKitOC/Foundation/NSIndexPath (0.0.5)
  - CGXCategoryKitOC/Foundation/NSMutableAttributedString (0.0.5)
  - CGXCategoryKitOC/Foundation/NSNotificationCenter (0.0.5)
  - CGXCategoryKitOC/Foundation/NSNull (0.0.5)
  - CGXCategoryKitOC/Foundation/NSNumber (0.0.5)
  - CGXCategoryKitOC/Foundation/NSRunLoop (0.0.5)
  - CGXCategoryKitOC/Foundation/NSString (0.0.5)
  - CGXCategoryKitOC/Foundation/NSTimer (0.0.5)
  - CGXCategoryKitOC/Foundation/NSURL (0.0.5)
  - CGXCategoryKitOC/Foundation/UIColor (0.0.5)
  - CGXCategoryKitOC/Foundation/UIDevice (0.0.5)
  - CGXCategoryKitOC/Foundation/UIFont (0.0.5)
  - CGXCategoryKitOC/Foundation/UIImage (0.0.5)
  - CGXCategoryKitOC/QuartzCore (0.0.5):
    - CGXCategoryKitOC/QuartzCore/CALayer (= 0.0.5)
    - CGXCategoryKitOC/QuartzCore/CAMediaTimingFunction (= 0.0.5)
    - CGXCategoryKitOC/QuartzCore/CAShapeLayer (= 0.0.5)
    - CGXCategoryKitOC/QuartzCore/CATransaction (= 0.0.5)
  - CGXCategoryKitOC/QuartzCore/CALayer (0.0.5)
  - CGXCategoryKitOC/QuartzCore/CAMediaTimingFunction (0.0.5)
  - CGXCategoryKitOC/QuartzCore/CAShapeLayer (0.0.5)
  - CGXCategoryKitOC/QuartzCore/CATransaction (0.0.5)
  - CGXCategoryKitOC/UIControl (0.0.5)
  - CGXCategoryKitOC/UIKit (0.0.5):
    - CGXCategoryKitOC/Foundation
    - CGXCategoryKitOC/UIKit/UIWindow (= 0.0.5)
    - CGXCategoryKitOC/UIKit/WKWebView (= 0.0.5)
  - CGXCategoryKitOC/UIKit/UIWindow (0.0.5):
    - CGXCategoryKitOC/Foundation
  - CGXCategoryKitOC/UIKit/WKWebView (0.0.5):
    - CGXCategoryKitOC/Foundation
  - Masonry (1.1.0)

DEPENDENCIES:
  - CGXCategoryKitOC (from `../`)
  - Masonry

SPEC REPOS:
  https://cdn.cocoapods.org/:
    - Masonry

EXTERNAL SOURCES:
  CGXCategoryKitOC:
    :path: "../"

SPEC CHECKSUMS:
  CGXCategoryKitOC: 6f7606680bb69a69103e2a4038d1c4c95d3cc3bd
  Masonry: 678fab65091a9290e40e2832a55e7ab731aad201

PODFILE CHECKSUM: 9177dccd9712366f066ab87344256913e3864fa4

COCOAPODS: 1.9.3
